
Microsoft Visual Studio Solution File, Format Version 12.00
# Visual Studio Version 17
VisualStudioVersion = 17.0.31903.59
MinimumVisualStudioVersion = 10.0.40219.1
Project("{FAE04EC0-301F-11D3-BF4B-00C04F79EFBC}") = "TestCheckList.MacXamarin", "TestCheckList.MacXamarin\TestCheckList.MacXamarin.csproj", "{D080BB1C-60E5-4BD1-BE9E-7202BAF6476D}"
EndProject
Project("{FAE04EC0-301F-11D3-BF4B-00C04F79EFBC}") = "TestCheckList.Core", "Core\TestCheckList.Core.csproj", "{F08ABD9A-0C69-496E-9FD9-E3FBEDF9BB03}"
EndProject
Global
	GlobalSection(SolutionConfigurationPlatforms) = preSolution
		Debug|Any CPU = Debug|Any CPU
		Release|Any CPU = Release|Any CPU
	EndGlobalSection
	GlobalSection(SolutionProperties) = preSolution
		HideSolutionNode = FALSE
	EndGlobalSection
	GlobalSection(ProjectConfigurationPlatforms) = postSolution
		{D080BB1C-60E5-4BD1-BE9E-7202BAF6476D}.Debug|Any CPU.ActiveCfg = Debug|Any CPU
		{D080BB1C-60E5-4BD1-BE9E-7202BAF6476D}.Debug|Any CPU.Build.0 = Debug|Any CPU
		{D080BB1C-60E5-4BD1-BE9E-7202BAF6476D}.Release|Any CPU.ActiveCfg = Release|Any CPU
		{D080BB1C-60E5-4BD1-BE9E-7202BAF6476D}.Release|Any CPU.Build.0 = Release|Any CPU
		{F08ABD9A-0C69-496E-9FD9-E3FBEDF9BB03}.Debug|Any CPU.ActiveCfg = Debug|Any CPU
		{F08ABD9A-0C69-496E-9FD9-E3FBEDF9BB03}.Debug|Any CPU.Build.0 = Debug|Any CPU
		{F08ABD9A-0C69-496E-9FD9-E3FBEDF9BB03}.Release|Any CPU.ActiveCfg = Release|Any CPU
		{F08ABD9A-0C69-496E-9FD9-E3FBEDF9BB03}.Release|Any CPU.Build.0 = Release|Any CPU
	EndGlobalSection
EndGlobal
